
Microsoft Visual Studio Solution File, Format Version 12.00
# Visual Studio Version 16
VisualStudioVersion = 16.0.32802.440
MinimumVisualStudioVersion = 10.0.40219.1
Project("{FAE04EC0-301F-11D3-BF4B-00C04F79EFBC}") = "WebApplication4", "WebApplication4.csproj", "{6F792DBB-3546-4DDF-9A93-2B365FD864A4}"
EndProject
Global
	GlobalSection(SolutionConfigurationPlatforms) = preSolution
		Debug|Any CPU = Debug|Any CPU
		Release|Any CPU = Release|Any CPU
	EndGlobalSection
	GlobalSection(ProjectConfigurationPlatforms) = postSolution
		{6F792DBB-3546-4DDF-9A93-2B365FD864A4}.Debug|Any CPU.ActiveCfg = Debug|Any CPU
		{6F792DBB-3546-4DDF-9A93-2B365FD864A4}.Debug|Any CPU.Build.0 = Debug|Any CPU
		{6F792DBB-3546-4DDF-9A93-2B365FD864A4}.Release|Any CPU.ActiveCfg = Release|Any CPU
		{6F792DBB-3546-4DDF-9A93-2B365FD864A4}.Release|Any CPU.Build.0 = Release|Any CPU
	EndGlobalSection
	GlobalSection(SolutionProperties) = preSolution
		HideSolutionNode = FALSE
	EndGlobalSection
	GlobalSection(ExtensibilityGlobals) = postSolution
		SolutionGuid = {1472EDC2-CF54-41CB-A014-0571189D5301}
	EndGlobalSection
EndGlobal
